
Microsoft Visual Studio Solution File, Format Version 12.00
# Visual Studio 2015
Project("{FAE04EC0-301F-11D3-BF4B-00C04F79EFBC}") = "Monguer Space.CSharp", "Monguer Space.CSharp.csproj", "{56F3506D-CCCB-AA13-5F55-0C10D2CB0E94}"
EndProject
Global
	GlobalSection(SolutionConfigurationPlatforms) = preSolution
		Debug|Any CPU = Debug|Any CPU
		Release|Any CPU = Release|Any CPU
	EndGlobalSection
	GlobalSection(ProjectConfigurationPlatforms) = postSolution
		{56F3506D-CCCB-AA13-5F55-0C10D2CB0E94}.Debug|Any CPU.ActiveCfg = Debug|Any CPU
		{56F3506D-CCCB-AA13-5F55-0C10D2CB0E94}.Debug|Any CPU.Build.0 = Debug|Any CPU
		{56F3506D-CCCB-AA13-5F55-0C10D2CB0E94}.Release|Any CPU.ActiveCfg = Release|Any CPU
		{56F3506D-CCCB-AA13-5F55-0C10D2CB0E94}.Release|Any CPU.Build.0 = Release|Any CPU
	EndGlobalSection
	GlobalSection(SolutionProperties) = preSolution
		HideSolutionNode = FALSE
	EndGlobalSection
EndGlobal
